
Microsoft Visual Studio Solution File, Format Version 12.00
# Visual Studio Version 17
VisualStudioVersion = 17.13.35931.197 d17.13
MinimumVisualStudioVersion = 10.0.40219.1
Project("{FAE04EC0-301F-11D3-BF4B-00C04F79EFBC}") = "MovieApp", "MovieApp\MovieApp.csproj", "{784FCF52-B6B7-401D-A185-9F4CA0205089}"
EndProject
Global
	GlobalSection(SolutionConfigurationPlatforms) = preSolution
		Debug|Any CPU = Debug|Any CPU
		Release|Any CPU = Release|Any CPU
	EndGlobalSection
	GlobalSection(ProjectConfigurationPlatforms) = postSolution
		{784FCF52-B6B7-401D-A185-9F4CA0205089}.Debug|Any CPU.ActiveCfg = Debug|Any CPU
		{784FCF52-B6B7-401D-A185-9F4CA0205089}.Debug|Any CPU.Build.0 = Debug|Any CPU
		{784FCF52-B6B7-401D-A185-9F4CA0205089}.Release|Any CPU.ActiveCfg = Release|Any CPU
		{784FCF52-B6B7-401D-A185-9F4CA0205089}.Release|Any CPU.Build.0 = Release|Any CPU
	EndGlobalSection
	GlobalSection(SolutionProperties) = preSolution
		HideSolutionNode = FALSE
	EndGlobalSection
	GlobalSection(ExtensibilityGlobals) = postSolution
		SolutionGuid = {D0A5D8F8-8CE0-401A-BC9A-15737DBF2D1E}
	EndGlobalSection
EndGlobal
